
Microsoft Visual Studio Solution File, Format Version 12.00
# Visual Studio 15
VisualStudioVersion = 15.0.28307.489
MinimumVisualStudioVersion = 10.0.40219.1
Project("{FAE04EC0-301F-11D3-BF4B-00C04F79EFBC}") = "LuluMoreSurgeries", "LuluMoreSurgeries\LuluMoreSurgeries.csproj", "{3DD1F898-3A4D-4211-B7DD-10240ABC10D0}"
EndProject
Global
	GlobalSection(SolutionConfigurationPlatforms) = preSolution
		Debug|Any CPU = Debug|Any CPU
		Release|Any CPU = Release|Any CPU
	EndGlobalSection
	GlobalSection(ProjectConfigurationPlatforms) = postSolution
		{3DD1F898-3A4D-4211-B7DD-10240ABC10D0}.Debug|Any CPU.ActiveCfg = Debug|Any CPU
		{3DD1F898-3A4D-4211-B7DD-10240ABC10D0}.Debug|Any CPU.Build.0 = Debug|Any CPU
		{3DD1F898-3A4D-4211-B7DD-10240ABC10D0}.Release|Any CPU.ActiveCfg = Release|Any CPU
		{3DD1F898-3A4D-4211-B7DD-10240ABC10D0}.Release|Any CPU.Build.0 = Release|Any CPU
	EndGlobalSection
	GlobalSection(SolutionProperties) = preSolution
		HideSolutionNode = FALSE
	EndGlobalSection
	GlobalSection(ExtensibilityGlobals) = postSolution
		SolutionGuid = {E534B33A-8FE9-48F7-8524-62097605FD64}
	EndGlobalSection
EndGlobal
